
Microsoft Visual Studio Solution File, Format Version 12.00
# Visual Studio Version 17
VisualStudioVersion = 17.9.34723.18
MinimumVisualStudioVersion = 10.0.40219.1
Project("{FAE04EC0-301F-11D3-BF4B-00C04F79EFBC}") = "BiddingPlatform", "BiddingPlatform\BiddingPlatform.csproj", "{3DFC8511-BB5E-446F-A897-7B386718C0BF}"
EndProject
Global
	GlobalSection(SolutionConfigurationPlatforms) = preSolution
		Debug|Any CPU = Debug|Any CPU
		Release|Any CPU = Release|Any CPU
	EndGlobalSection
	GlobalSection(ProjectConfigurationPlatforms) = postSolution
		{3DFC8511-BB5E-446F-A897-7B386718C0BF}.Debug|Any CPU.ActiveCfg = Debug|Any CPU
		{3DFC8511-BB5E-446F-A897-7B386718C0BF}.Debug|Any CPU.Build.0 = Debug|Any CPU
		{3DFC8511-BB5E-446F-A897-7B386718C0BF}.Release|Any CPU.ActiveCfg = Release|Any CPU
		{3DFC8511-BB5E-446F-A897-7B386718C0BF}.Release|Any CPU.Build.0 = Release|Any CPU
	EndGlobalSection
	GlobalSection(SolutionProperties) = preSolution
		HideSolutionNode = FALSE
	EndGlobalSection
	GlobalSection(ExtensibilityGlobals) = postSolution
		SolutionGuid = {56D8868C-ED4B-4792-88F4-C50C7D2D3D2A}
	EndGlobalSection
EndGlobal
